{
    "_readme": [
        "This file locks the dependencies of your project to a known state",
        "Read more about it at https://getcomposer.org/doc/01-basic-usage.md#installing-dependencies",
        "This file is @generated automatically"
    ],
    "content-hash": "fc54bb8a1779831b8834d237777ec490",
    "packages": [
        {
            "name": "exxeta/wwf-donations-shop-banner-core",
            "version": "1.0.5",
            "dist": {
                "type": "path",
                "url": "../../core",
                "reference": "f6e2038b6a3f9213eb32649cf0a58b8b42180791"
            },
            "require": {
                "ext-date": "*",
                "ext-json": "*",
                "php": ">=7.1.0"
            },
            "require-dev": {
                "phpunit/phpunit": "^9"
            },
            "type": "library",
            "autoload": {
                "psr-4": {
                    "exxeta\\": "src/"
                }
            },
            "license": [
                "GPLv3"
            ],
            "authors": [
                {
                    "name": "Exxeta AG",
                    "email": "info@exxeta.com"
                }
            ],
            "description": "Core files of banner generation independent of a shop system",
            "transport-options": {
                "symlink": false,
                "relative": true
            }
        }
    ],
    "packages-dev": [
        {
            "name": "automattic/jetpack-autoloader",
            "version": "v2.2.0",
            "source": {
                "type": "git",
                "url": "https://github.com/Automattic/jetpack-autoloader.git",
                "reference": "66a5d150b3928be718d86696f85631a7f0b98a7b"
            },
            "dist": {
                "type": "zip",
                "url": "https://api.github.com/repos/Automattic/jetpack-autoloader/zipball/66a5d150b3928be718d86696f85631a7f0b98a7b",
                "reference": "66a5d150b3928be718d86696f85631a7f0b98a7b",
                "shasum": ""
            },
            "require": {
                "composer-plugin-api": "^1.1 || ^2.0"
            },
            "require-dev": {
                "phpunit/phpunit": "^5.7 || ^6.5 || ^7.5"
            },
            "type": "composer-plugin",
            "extra": {
                "class": "Automattic\\Jetpack\\Autoloader\\CustomAutoloaderPlugin"
            },
            "autoload": {
                "psr-4": {
                    "Automattic\\Jetpack\\Autoloader\\": "src"
                }
            },
            "notification-url": "https://packagist.org/downloads/",
            "license": [
                "GPL-2.0-or-later"
            ],
            "description": "Creates a custom autoloader for a plugin or theme.",
            "time": "2020-08-14T20:34:36+00:00"
        },
        {
            "name": "automattic/jetpack-constants",
            "version": "v1.4.0",
            "source": {
                "type": "git",
                "url": "https://github.com/Automattic/jetpack-constants.git",
                "reference": "b4210d56948529b43785ce31e0055f435eac1f9f"
            },
            "dist": {
                "type": "zip",
                "url": "https://api.github.com/repos/Automattic/jetpack-constants/zipball/b4210d56948529b43785ce31e0055f435eac1f9f",
                "reference": "b4210d56948529b43785ce31e0055f435eac1f9f",
                "shasum": ""
            },
            "require-dev": {
                "php-mock/php-mock": "^2.1",
                "phpunit/phpunit": "^5.7 || ^6.5 || ^7.5"
            },
            "type": "library",
            "autoload": {
                "classmap": [
                    "src/"
                ]
            },
            "notification-url": "https://packagist.org/downloads/",
            "license": [
                "GPL-2.0-or-later"
            ],
            "description": "A wrapper for defining constants in a more testable way.",
            "time": "2020-07-01T15:55:35+00:00"
        },
        {
            "name": "composer/installers",
            "version": "v1.7.0",
            "source": {
                "type": "git",
                "url": "https://github.com/composer/installers.git",
                "reference": "141b272484481432cda342727a427dc1e206bfa0"
            },
            "dist": {
                "type": "zip",
                "url": "https://api.github.com/repos/composer/installers/zipball/141b272484481432cda342727a427dc1e206bfa0",
                "reference": "141b272484481432cda342727a427dc1e206bfa0",
                "shasum": ""
            },
            "require": {
                "composer-plugin-api": "^1.0"
            },
            "replace": {
                "roundcube/plugin-installer": "*",
                "shama/baton": "*"
            },
            "require-dev": {
                "composer/composer": "1.0.*@dev",
                "phpunit/phpunit": "^4.8.36"
            },
            "type": "composer-plugin",
            "extra": {
                "class": "Composer\\Installers\\Plugin",
                "branch-alias": {
                    "dev-master": "1.0-dev"
                }
            },
            "autoload": {
                "psr-4": {
                    "Composer\\Installers\\": "src/Composer/Installers"
                }
            },
            "notification-url": "https://packagist.org/downloads/",
            "license": [
                "MIT"
            ],
            "authors": [
                {
                    "name": "Kyle Robinson Young",
                    "email": "kyle@dontkry.com",
                    "homepage": "https://github.com/shama"
                }
            ],
            "description": "A multi-framework Composer library installer",
            "homepage": "https://composer.github.io/installers/",
            "keywords": [
                "Craft",
                "Dolibarr",
                "Eliasis",
                "Hurad",
                "ImageCMS",
                "Kanboard",
                "Lan Management System",
                "MODX Evo",
                "Mautic",
                "Maya",
                "OXID",
                "Plentymarkets",
                "Porto",
                "RadPHP",
                "SMF",
                "Thelia",
                "Whmcs",
                "WolfCMS",
                "agl",
                "aimeos",
                "annotatecms",
                "attogram",
                "bitrix",
                "cakephp",
                "chef",
                "cockpit",
                "codeigniter",
                "concrete5",
                "croogo",
                "dokuwiki",
                "drupal",
                "eZ Platform",
                "elgg",
                "expressionengine",
                "fuelphp",
                "grav",
                "installer",
                "itop",
                "joomla",
                "known",
                "kohana",
                "laravel",
                "lavalite",
                "lithium",
                "magento",
                "majima",
                "mako",
                "mediawiki",
                "modulework",
                "modx",
                "moodle",
                "osclass",
                "phpbb",
                "piwik",
                "ppi",
                "puppet",
                "pxcms",
                "reindex",
                "roundcube",
                "shopware",
                "silverstripe",
                "sydes",
                "symfony",
                "typo3",
                "wordpress",
                "yawik",
                "zend",
                "zikula"
            ],
            "time": "2019-08-12T15:00:31+00:00"
        },
        {
            "name": "maxmind-db/reader",
            "version": "v1.6.0",
            "source": {
                "type": "git",
                "url": "https://github.com/maxmind/MaxMind-DB-Reader-php.git",
                "reference": "febd4920bf17c1da84cef58e56a8227dfb37fbe4"
            },
            "dist": {
                "type": "zip",
                "url": "https://api.github.com/repos/maxmind/MaxMind-DB-Reader-php/zipball/febd4920bf17c1da84cef58e56a8227dfb37fbe4",
                "reference": "febd4920bf17c1da84cef58e56a8227dfb37fbe4",
                "shasum": ""
            },
            "require": {
                "php": ">=5.6"
            },
            "conflict": {
                "ext-maxminddb": "<1.6.0,>=2.0.0"
            },
            "require-dev": {
                "friendsofphp/php-cs-fixer": "2.*",
                "php-coveralls/php-coveralls": "^2.1",
                "phpunit/phpcov": "^3.0",
                "phpunit/phpunit": "5.*",
                "squizlabs/php_codesniffer": "3.*"
            },
            "suggest": {
                "ext-bcmath": "bcmath or gmp is required for decoding larger integers with the pure PHP decoder",
                "ext-gmp": "bcmath or gmp is required for decoding larger integers with the pure PHP decoder",
                "ext-maxminddb": "A C-based database decoder that provides significantly faster lookups"
            },
            "type": "library",
            "autoload": {
                "psr-4": {
                    "MaxMind\\Db\\": "src/MaxMind/Db"
                }
            },
            "notification-url": "https://packagist.org/downloads/",
            "license": [
                "Apache-2.0"
            ],
            "authors": [
                {
                    "name": "Gregory J. Oschwald",
                    "email": "goschwald@maxmind.com",
                    "homepage": "https://www.maxmind.com/"
                }
            ],
            "description": "MaxMind DB Reader API",
            "homepage": "https://github.com/maxmind/MaxMind-DB-Reader-php",
            "keywords": [
                "database",
                "geoip",
                "geoip2",
                "geolocation",
                "maxmind"
            ],
            "time": "2019-12-19T22:59:03+00:00"
        },
        {
            "name": "pelago/emogrifier",
            "version": "v3.1.0",
            "source": {
                "type": "git",
                "url": "https://github.com/MyIntervals/emogrifier.git",
                "reference": "f6a5c7d44612d86c3901c93f1592f5440e6b2cd8"
            },
            "dist": {
                "type": "zip",
                "url": "https://api.github.com/repos/MyIntervals/emogrifier/zipball/f6a5c7d44612d86c3901c93f1592f5440e6b2cd8",
                "reference": "f6a5c7d44612d86c3901c93f1592f5440e6b2cd8",
                "shasum": ""
            },
            "require": {
                "ext-dom": "*",
                "ext-libxml": "*",
                "php": "^5.6 || ~7.0 || ~7.1 || ~7.2 || ~7.3 || ~7.4",
                "symfony/css-selector": "^2.8 || ^3.0 || ^4.0 || ^5.0"
            },
            "require-dev": {
                "friendsofphp/php-cs-fixer": "^2.15.3",
                "phpmd/phpmd": "^2.7.0",
                "phpunit/phpunit": "^5.7.27",
                "squizlabs/php_codesniffer": "^3.5.0"
            },
            "type": "library",
            "extra": {
                "branch-alias": {
                    "dev-master": "4.0.x-dev"
                }
            },
            "autoload": {
                "psr-4": {
                    "Pelago\\": "src/"
                }
            },
            "notification-url": "https://packagist.org/downloads/",
            "license": [
                "MIT"
            ],
            "authors": [
                {
                    "name": "Oliver Klee",
                    "email": "github@oliverklee.de"
                },
                {
                    "name": "Zoli Szabó",
                    "email": "zoli.szabo+github@gmail.com"
                },
                {
                    "name": "John Reeve",
                    "email": "jreeve@pelagodesign.com"
                },
                {
                    "name": "Jake Hotson",
                    "email": "jake@qzdesign.co.uk"
                },
                {
                    "name": "Cameron Brooks"
                },
                {
                    "name": "Jaime Prado"
                }
            ],
            "description": "Converts CSS styles into inline style attributes in your HTML code",
            "homepage": "https://www.myintervals.com/emogrifier.php",
            "keywords": [
                "css",
                "email",
                "pre-processing"
            ],
            "time": "2019-12-26T19:37:31+00:00"
        },
        {
            "name": "psr/container",
            "version": "1.0.0",
            "source": {
                "type": "git",
                "url": "https://github.com/php-fig/container.git",
                "reference": "b7ce3b176482dbbc1245ebf52b181af44c2cf55f"
            },
            "dist": {
                "type": "zip",
                "url": "https://api.github.com/repos/php-fig/container/zipball/b7ce3b176482dbbc1245ebf52b181af44c2cf55f",
                "reference": "b7ce3b176482dbbc1245ebf52b181af44c2cf55f",
                "shasum": ""
            },
            "require": {
                "php": ">=5.3.0"
            },
            "type": "library",
            "extra": {
                "branch-alias": {
                    "dev-master": "1.0.x-dev"
                }
            },
            "autoload": {
                "psr-4": {
                    "Psr\\Container\\": "src/"
                }
            },
            "notification-url": "https://packagist.org/downloads/",
            "license": [
                "MIT"
            ],
            "authors": [
                {
                    "name": "PHP-FIG",
                    "homepage": "http://www.php-fig.org/"
                }
            ],
            "description": "Common Container Interface (PHP FIG PSR-11)",
            "homepage": "https://github.com/php-fig/container",
            "keywords": [
                "PSR-11",
                "container",
                "container-interface",
                "container-interop",
                "psr"
            ],
            "time": "2017-02-14T16:28:37+00:00"
        },
        {
            "name": "squizlabs/php_codesniffer",
            "version": "3.6.0",
            "source": {
                "type": "git",
                "url": "https://github.com/squizlabs/PHP_CodeSniffer.git",
                "reference": "ffced0d2c8fa8e6cdc4d695a743271fab6c38625"
            },
            "dist": {
                "type": "zip",
                "url": "https://api.github.com/repos/squizlabs/PHP_CodeSniffer/zipball/ffced0d2c8fa8e6cdc4d695a743271fab6c38625",
                "reference": "ffced0d2c8fa8e6cdc4d695a743271fab6c38625",
                "shasum": ""
            },
            "require": {
                "ext-simplexml": "*",
                "ext-tokenizer": "*",
                "ext-xmlwriter": "*",
                "php": ">=5.4.0"
            },
            "require-dev": {
                "phpunit/phpunit": "^4.0 || ^5.0 || ^6.0 || ^7.0"
            },
            "bin": [
                "bin/phpcs",
                "bin/phpcbf"
            ],
            "type": "library",
            "extra": {
                "branch-alias": {
                    "dev-master": "3.x-dev"
                }
            },
            "notification-url": "https://packagist.org/downloads/",
            "license": [
                "BSD-3-Clause"
            ],
            "authors": [
                {
                    "name": "Greg Sherwood",
                    "role": "lead"
                }
            ],
            "description": "PHP_CodeSniffer tokenizes PHP, JavaScript and CSS files and detects violations of a defined set of coding standards.",
            "homepage": "https://github.com/squizlabs/PHP_CodeSniffer",
            "keywords": [
                "phpcs",
                "standards"
            ],
            "time": "2021-04-09T00:54:41+00:00"
        },
        {
            "name": "symfony/css-selector",
            "version": "v5.3.0",
            "source": {
                "type": "git",
                "url": "https://github.com/symfony/css-selector.git",
                "reference": "fcd0b29a7a0b1bb5bfbedc6231583d77fea04814"
            },
            "dist": {
                "type": "zip",
                "url": "https://api.github.com/repos/symfony/css-selector/zipball/fcd0b29a7a0b1bb5bfbedc6231583d77fea04814",
                "reference": "fcd0b29a7a0b1bb5bfbedc6231583d77fea04814",
                "shasum": ""
            },
            "require": {
                "php": ">=7.2.5"
            },
            "type": "library",
            "autoload": {
                "psr-4": {
                    "Symfony\\Component\\CssSelector\\": ""
                },
                "exclude-from-classmap": [
                    "/Tests/"
                ]
            },
            "notification-url": "https://packagist.org/downloads/",
            "license": [
                "MIT"
            ],
            "authors": [
                {
                    "name": "Fabien Potencier",
                    "email": "fabien@symfony.com"
                },
                {
                    "name": "Jean-François Simon",
                    "email": "jeanfrancois.simon@sensiolabs.com"
                },
                {
                    "name": "Symfony Community",
                    "homepage": "https://symfony.com/contributors"
                }
            ],
            "description": "Converts CSS selectors to XPath expressions",
            "homepage": "https://symfony.com",
            "funding": [
                {
                    "url": "https://symfony.com/sponsor",
                    "type": "custom"
                },
                {
                    "url": "https://github.com/fabpot",
                    "type": "github"
                },
                {
                    "url": "https://tidelift.com/funding/github/packagist/symfony/symfony",
                    "type": "tidelift"
                }
            ],
            "time": "2021-05-26T17:40:38+00:00"
        },
        {
            "name": "woocommerce/action-scheduler",
            "version": "3.1.6",
            "source": {
                "type": "git",
                "url": "https://github.com/woocommerce/action-scheduler.git",
                "reference": "275d0ba54b1c263dfc62688de2fa9a25a373edf8"
            },
            "dist": {
                "type": "zip",
                "url": "https://api.github.com/repos/woocommerce/action-scheduler/zipball/275d0ba54b1c263dfc62688de2fa9a25a373edf8",
                "reference": "275d0ba54b1c263dfc62688de2fa9a25a373edf8",
                "shasum": ""
            },
            "require-dev": {
                "phpunit/phpunit": "^5.6",
                "woocommerce/woocommerce-sniffs": "0.0.8",
                "wp-cli/wp-cli": "~1.5.1"
            },
            "type": "wordpress-plugin",
            "extra": {
                "scripts-description": {
                    "test": "Run unit tests",
                    "phpcs": "Analyze code against the WordPress coding standards with PHP_CodeSniffer",
                    "phpcbf": "Fix coding standards warnings/errors automatically with PHP Code Beautifier"
                }
            },
            "notification-url": "https://packagist.org/downloads/",
            "license": [
                "GPL-3.0-or-later"
            ],
            "description": "Action Scheduler for WordPress and WooCommerce",
            "homepage": "https://actionscheduler.org/",
            "time": "2020-05-12T16:22:33+00:00"
        },
        {
            "name": "woocommerce/woocommerce",
            "version": "4.6.0",
            "source": {
                "type": "git",
                "url": "https://github.com/woocommerce/woocommerce.git",
                "reference": "e4df3529d403aca0dd4e502bbd9c1670c9e1395e"
            },
            "dist": {
                "type": "zip",
                "url": "https://api.github.com/repos/woocommerce/woocommerce/zipball/e4df3529d403aca0dd4e502bbd9c1670c9e1395e",
                "reference": "e4df3529d403aca0dd4e502bbd9c1670c9e1395e",
                "shasum": ""
            },
            "require": {
                "automattic/jetpack-autoloader": "2.2.0",
                "automattic/jetpack-constants": "1.4.0",
                "composer/installers": "1.7.0",
                "maxmind-db/reader": "1.6.0",
                "pelago/emogrifier": "3.1.0",
                "php": ">=7.0",
                "psr/container": "1.0.0",
                "woocommerce/action-scheduler": "3.1.6",
                "woocommerce/woocommerce-admin": "1.6.1",
                "woocommerce/woocommerce-blocks": "3.4.0"
            },
            "require-dev": {
                "phpunit/phpunit": "7.5.20",
                "woocommerce/woocommerce-sniffs": "0.1.0",
                "wp-cli/i18n-command": "2.2.5"
            },
            "type": "wordpress-plugin",
            "extra": {
                "installer-paths": {
                    "packages/action-scheduler": [
                        "woocommerce/action-scheduler"
                    ],
                    "packages/woocommerce-rest-api": [
                        "woocommerce/woocommerce-rest-api"
                    ],
                    "packages/woocommerce-blocks": [
                        "woocommerce/woocommerce-blocks"
                    ],
                    "packages/woocommerce-admin": [
                        "woocommerce/woocommerce-admin"
                    ]
                },
                "scripts-description": {
                    "test": "Run unit tests",
                    "phpcs": "Analyze code against the WordPress coding standards with PHP_CodeSniffer",
                    "phpcbf": "Fix coding standards warnings/errors automatically with PHP Code Beautifier",
                    "makepot-audit": "Generate i18n/languages/woocommerce.pot file and run audit",
                    "makepot": "Generate i18n/languages/woocommerce.pot file"
                }
            },
            "autoload": {
                "exclude-from-classmap": [
                    "includes/legacy",
                    "includes/libraries"
                ],
                "classmap": [
                    "includes/rest-api"
                ],
                "psr-4": {
                    "Automattic\\WooCommerce\\": "src/"
                }
            },
            "notification-url": "https://packagist.org/downloads/",
            "license": [
                "GPL-3.0-or-later"
            ],
            "description": "An eCommerce toolkit that helps you sell anything. Beautifully.",
            "homepage": "https://woocommerce.com/",
            "time": "2020-10-14T18:19:54+00:00"
        },
        {
            "name": "woocommerce/woocommerce-admin",
            "version": "1.6.1",
            "source": {
                "type": "git",
                "url": "https://github.com/woocommerce/woocommerce-admin.git",
                "reference": "4be058217d90b7f15b711d018b899260b38d011a"
            },
            "dist": {
                "type": "zip",
                "url": "https://api.github.com/repos/woocommerce/woocommerce-admin/zipball/4be058217d90b7f15b711d018b899260b38d011a",
                "reference": "4be058217d90b7f15b711d018b899260b38d011a",
                "shasum": ""
            },
            "require": {
                "automattic/jetpack-autoloader": "^2.2.0",
                "composer/installers": "1.7.0",
                "php": ">=5.6|>=7.0"
            },
            "require-dev": {
                "phpunit/phpunit": "7.5.20",
                "woocommerce/woocommerce-sniffs": "0.0.9"
            },
            "type": "wordpress-plugin",
            "extra": {
                "scripts-description": {
                    "test": "Run unit tests",
                    "phpcs": "Analyze code against the WordPress coding standards with PHP_CodeSniffer",
                    "phpcbf": "Fix coding standards warnings/errors automatically with PHP Code Beautifier"
                }
            },
            "autoload": {
                "classmap": [
                    "includes/"
                ],
                "psr-4": {
                    "Automattic\\WooCommerce\\Admin\\": "src/"
                }
            },
            "notification-url": "https://packagist.org/downloads/",
            "license": [
                "GPL-3.0-or-later"
            ],
            "description": "A modern, javascript-driven WooCommerce Admin experience.",
            "homepage": "https://github.com/woocommerce/woocommerce-admin",
            "time": "2020-10-14T14:21:15+00:00"
        },
        {
            "name": "woocommerce/woocommerce-blocks",
            "version": "v3.4.0",
            "source": {
                "type": "git",
                "url": "https://github.com/woocommerce/woocommerce-gutenberg-products-block.git",
                "reference": "d64a2616932f312ec4fd8f4e46195c3f9aca0000"
            },
            "dist": {
                "type": "zip",
                "url": "https://api.github.com/repos/woocommerce/woocommerce-gutenberg-products-block/zipball/d64a2616932f312ec4fd8f4e46195c3f9aca0000",
                "reference": "d64a2616932f312ec4fd8f4e46195c3f9aca0000",
                "shasum": ""
            },
            "require": {
                "automattic/jetpack-autoloader": "^2.0.0",
                "composer/installers": "1.7.0"
            },
            "require-dev": {
                "phpunit/phpunit": "6.5.14",
                "woocommerce/woocommerce-sniffs": "0.0.7"
            },
            "type": "wordpress-plugin",
            "extra": {
                "scripts-description": {
                    "phpcs": "Analyze code against the WordPress coding standards with PHP_CodeSniffer",
                    "phpcbf": "Fix coding standards warnings/errors automatically with PHP Code Beautifier"
                }
            },
            "autoload": {
                "psr-4": {
                    "Automattic\\WooCommerce\\Blocks\\": "src/"
                }
            },
            "notification-url": "https://packagist.org/downloads/",
            "license": [
                "GPL-3.0-or-later"
            ],
            "description": "WooCommerce blocks for the Gutenberg editor.",
            "homepage": "https://woocommerce.com/",
            "keywords": [
                "blocks",
                "gutenberg",
                "woocommerce"
            ],
            "time": "2020-09-15T12:10:40+00:00"
        },
        {
            "name": "wp-coding-standards/wpcs",
            "version": "2.3.0",
            "source": {
                "type": "git",
                "url": "https://github.com/WordPress/WordPress-Coding-Standards.git",
                "reference": "7da1894633f168fe244afc6de00d141f27517b62"
            },
            "dist": {
                "type": "zip",
                "url": "https://api.github.com/repos/WordPress/WordPress-Coding-Standards/zipball/7da1894633f168fe244afc6de00d141f27517b62",
                "reference": "7da1894633f168fe244afc6de00d141f27517b62",
                "shasum": ""
            },
            "require": {
                "php": ">=5.4",
                "squizlabs/php_codesniffer": "^3.3.1"
            },
            "require-dev": {
                "dealerdirect/phpcodesniffer-composer-installer": "^0.5 || ^0.6",
                "phpcompatibility/php-compatibility": "^9.0",
                "phpcsstandards/phpcsdevtools": "^1.0",
                "phpunit/phpunit": "^4.0 || ^5.0 || ^6.0 || ^7.0"
            },
            "suggest": {
                "dealerdirect/phpcodesniffer-composer-installer": "^0.6 || This Composer plugin will sort out the PHPCS 'installed_paths' automatically."
            },
            "type": "phpcodesniffer-standard",
            "notification-url": "https://packagist.org/downloads/",
            "license": [
                "MIT"
            ],
            "authors": [
                {
                    "name": "Contributors",
                    "homepage": "https://github.com/WordPress/WordPress-Coding-Standards/graphs/contributors"
                }
            ],
            "description": "PHP_CodeSniffer rules (sniffs) to enforce WordPress coding conventions",
            "keywords": [
                "phpcs",
                "standards",
                "wordpress"
            ],
            "time": "2020-05-13T23:57:56+00:00"
        }
    ],
    "aliases": [],
    "minimum-stability": "stable",
    "stability-flags": [],
    "prefer-stable": true,
    "prefer-lowest": false,
    "platform": [],
    "platform-dev": [],
    "platform-overrides": {
        "php": "7.3"
    },
    "plugin-api-version": "1.1.0"
}
